
Microsoft Visual Studio Solution File, Format Version 12.00
# Visual Studio Version 17
VisualStudioVersion = 17.0.31903.59
MinimumVisualStudioVersion = 10.0.40219.1
Project("{2150E333-8FDC-42A3-9474-1A3956D46DE8}") = "apps", "apps", "{1787FE1D-075E-9E68-7218-25F1BD1BBEAB}"
EndProject
Project("{FAE04EC0-301F-11D3-BF4B-00C04F79EFBC}") = "recrd-cli", "apps\recrd-cli\recrd-cli.csproj", "{EA735101-9DB6-4798-90F3-40EE139E3C07}"
EndProject
Project("{2150E333-8FDC-42A3-9474-1A3956D46DE8}") = "packages", "packages", "{809F86A1-1C4C-B159-0CD4-DF9D33D876CE}"
EndProject
Project("{FAE04EC0-301F-11D3-BF4B-00C04F79EFBC}") = "Recrd.Core", "packages\Recrd.Core\Recrd.Core.csproj", "{370B0466-AD79-4D61-9FCA-D6FD35ED1522}"
EndProject
Project("{FAE04EC0-301F-11D3-BF4B-00C04F79EFBC}") = "Recrd.Recording", "packages\Recrd.Recording\Recrd.Recording.csproj", "{E09D25A7-079A-4FEE-9CF5-232E110C805F}"
EndProject
Project("{FAE04EC0-301F-11D3-BF4B-00C04F79EFBC}") = "Recrd.Data", "packages\Recrd.Data\Recrd.Data.csproj", "{6F15F9CD-9244-4902-94C2-E4490B3E75A7}"
EndProject
Project("{FAE04EC0-301F-11D3-BF4B-00C04F79EFBC}") = "Recrd.Gherkin", "packages\Recrd.Gherkin\Recrd.Gherkin.csproj", "{18330A00-9C78-4756-893A-A8DCBE4D31CD}"
EndProject
Project("{FAE04EC0-301F-11D3-BF4B-00C04F79EFBC}") = "Recrd.Compilers", "packages\Recrd.Compilers\Recrd.Compilers.csproj", "{59680C68-9B5E-486E-8696-0E7125B15F99}"
EndProject
Project("{2150E333-8FDC-42A3-9474-1A3956D46DE8}") = "tests", "tests", "{0AB3BF05-4346-4AA6-1389-037BE0695223}"
EndProject
Project("{FAE04EC0-301F-11D3-BF4B-00C04F79EFBC}") = "Recrd.Core.Tests", "tests\Recrd.Core.Tests\Recrd.Core.Tests.csproj", "{EAFA7CF1-DF2B-4306-967D-4D3AEB3ABF2D}"
EndProject
Project("{FAE04EC0-301F-11D3-BF4B-00C04F79EFBC}") = "Recrd.Recording.Tests", "tests\Recrd.Recording.Tests\Recrd.Recording.Tests.csproj", "{1ED440D9-E7A2-4E70-A99E-F8CEA908291E}"
EndProject
Project("{FAE04EC0-301F-11D3-BF4B-00C04F79EFBC}") = "Recrd.Data.Tests", "tests\Recrd.Data.Tests\Recrd.Data.Tests.csproj", "{5AC6A710-27C1-4E9C-80FD-0C163F391F33}"
EndProject
Project("{FAE04EC0-301F-11D3-BF4B-00C04F79EFBC}") = "Recrd.Gherkin.Tests", "tests\Recrd.Gherkin.Tests\Recrd.Gherkin.Tests.csproj", "{61188CFD-E8E6-44EF-BE49-E21C3C1FF781}"
EndProject
Project("{FAE04EC0-301F-11D3-BF4B-00C04F79EFBC}") = "Recrd.Compilers.Tests", "tests\Recrd.Compilers.Tests\Recrd.Compilers.Tests.csproj", "{C871DF7E-6F91-4D50-A230-58DBEDE0894D}"
EndProject
Project("{FAE04EC0-301F-11D3-BF4B-00C04F79EFBC}") = "Recrd.Integration.Tests", "tests\Recrd.Integration.Tests\Recrd.Integration.Tests.csproj", "{A013A3E7-DA99-48B4-B890-93AA800164D0}"
EndProject
Global
	GlobalSection(SolutionConfigurationPlatforms) = preSolution
		Debug|Any CPU = Debug|Any CPU
		Debug|x64 = Debug|x64
		Debug|x86 = Debug|x86
		Release|Any CPU = Release|Any CPU
		Release|x64 = Release|x64
		Release|x86 = Release|x86
	EndGlobalSection
	GlobalSection(ProjectConfigurationPlatforms) = postSolution
		{EA735101-9DB6-4798-90F3-40EE139E3C07}.Debug|Any CPU.ActiveCfg = Debug|Any CPU
		{EA735101-9DB6-4798-90F3-40EE139E3C07}.Debug|Any CPU.Build.0 = Debug|Any CPU
		{EA735101-9DB6-4798-90F3-40EE139E3C07}.Debug|x64.ActiveCfg = Debug|Any CPU
		{EA735101-9DB6-4798-90F3-40EE139E3C07}.Debug|x64.Build.0 = Debug|Any CPU
		{EA735101-9DB6-4798-90F3-40EE139E3C07}.Debug|x86.ActiveCfg = Debug|Any CPU
		{EA735101-9DB6-4798-90F3-40EE139E3C07}.Debug|x86.Build.0 = Debug|Any CPU
		{EA735101-9DB6-4798-90F3-40EE139E3C07}.Release|Any CPU.ActiveCfg = Release|Any CPU
		{EA735101-9DB6-4798-90F3-40EE139E3C07}.Release|Any CPU.Build.0 = Release|Any CPU
		{EA735101-9DB6-4798-90F3-40EE139E3C07}.Release|x64.ActiveCfg = Release|Any CPU
		{EA735101-9DB6-4798-90F3-40EE139E3C07}.Release|x64.Build.0 = Release|Any CPU
		{EA735101-9DB6-4798-90F3-40EE139E3C07}.Release|x86.ActiveCfg = Release|Any CPU
		{EA735101-9DB6-4798-90F3-40EE139E3C07}.Release|x86.Build.0 = Release|Any CPU
		{370B0466-AD79-4D61-9FCA-D6FD35ED1522}.Debug|Any CPU.ActiveCfg = Debug|Any CPU
		{370B0466-AD79-4D61-9FCA-D6FD35ED1522}.Debug|Any CPU.Build.0 = Debug|Any CPU
		{370B0466-AD79-4D61-9FCA-D6FD35ED1522}.Debug|x64.ActiveCfg = Debug|Any CPU
		{370B0466-AD79-4D61-9FCA-D6FD35ED1522}.Debug|x64.Build.0 = Debug|Any CPU
		{370B0466-AD79-4D61-9FCA-D6FD35ED1522}.Debug|x86.ActiveCfg = Debug|Any CPU
		{370B0466-AD79-4D61-9FCA-D6FD35ED1522}.Debug|x86.Build.0 = Debug|Any CPU
		{370B0466-AD79-4D61-9FCA-D6FD35ED1522}.Release|Any CPU.ActiveCfg = Release|Any CPU
		{370B0466-AD79-4D61-9FCA-D6FD35ED1522}.Release|Any CPU.Build.0 = Release|Any CPU
		{370B0466-AD79-4D61-9FCA-D6FD35ED1522}.Release|x64.ActiveCfg = Release|Any CPU
		{370B0466-AD79-4D61-9FCA-D6FD35ED1522}.Release|x64.Build.0 = Release|Any CPU
		{370B0466-AD79-4D61-9FCA-D6FD35ED1522}.Release|x86.ActiveCfg = Release|Any CPU
		{370B0466-AD79-4D61-9FCA-D6FD35ED1522}.Release|x86.Build.0 = Release|Any CPU
		{E09D25A7-079A-4FEE-9CF5-232E110C805F}.Debug|Any CPU.ActiveCfg = Debug|Any CPU
		{E09D25A7-079A-4FEE-9CF5-232E110C805F}.Debug|Any CPU.Build.0 = Debug|Any CPU
		{E09D25A7-079A-4FEE-9CF5-232E110C805F}.Debug|x64.ActiveCfg = Debug|Any CPU
		{E09D25A7-079A-4FEE-9CF5-232E110C805F}.Debug|x64.Build.0 = Debug|Any CPU
		{E09D25A7-079A-4FEE-9CF5-232E110C805F}.Debug|x86.ActiveCfg = Debug|Any CPU
		{E09D25A7-079A-4FEE-9CF5-232E110C805F}.Debug|x86.Build.0 = Debug|Any CPU
		{E09D25A7-079A-4FEE-9CF5-232E110C805F}.Release|Any CPU.ActiveCfg = Release|Any CPU
		{E09D25A7-079A-4FEE-9CF5-232E110C805F}.Release|Any CPU.Build.0 = Release|Any CPU
		{E09D25A7-079A-4FEE-9CF5-232E110C805F}.Release|x64.ActiveCfg = Release|Any CPU
		{E09D25A7-079A-4FEE-9CF5-232E110C805F}.Release|x64.Build.0 = Release|Any CPU
		{E09D25A7-079A-4FEE-9CF5-232E110C805F}.Release|x86.ActiveCfg = Release|Any CPU
		{E09D25A7-079A-4FEE-9CF5-232E110C805F}.Release|x86.Build.0 = Release|Any CPU
		{6F15F9CD-9244-4902-94C2-E4490B3E75A7}.Debug|Any CPU.ActiveCfg = Debug|Any CPU
		{6F15F9CD-9244-4902-94C2-E4490B3E75A7}.Debug|Any CPU.Build.0 = Debug|Any CPU
		{6F15F9CD-9244-4902-94C2-E4490B3E75A7}.Debug|x64.ActiveCfg = Debug|Any CPU
		{6F15F9CD-9244-4902-94C2-E4490B3E75A7}.Debug|x64.Build.0 = Debug|Any CPU
		{6F15F9CD-9244-4902-94C2-E4490B3E75A7}.Debug|x86.ActiveCfg = Debug|Any CPU
		{6F15F9CD-9244-4902-94C2-E4490B3E75A7}.Debug|x86.Build.0 = Debug|Any CPU
		{6F15F9CD-9244-4902-94C2-E4490B3E75A7}.Release|Any CPU.ActiveCfg = Release|Any CPU
		{6F15F9CD-9244-4902-94C2-E4490B3E75A7}.Release|Any CPU.Build.0 = Release|Any CPU
		{6F15F9CD-9244-4902-94C2-E4490B3E75A7}.Release|x64.ActiveCfg = Release|Any CPU
		{6F15F9CD-9244-4902-94C2-E4490B3E75A7}.Release|x64.Build.0 = Release|Any CPU
		{6F15F9CD-9244-4902-94C2-E4490B3E75A7}.Release|x86.ActiveCfg = Release|Any CPU
		{6F15F9CD-9244-4902-94C2-E4490B3E75A7}.Release|x86.Build.0 = Release|Any CPU
		{18330A00-9C78-4756-893A-A8DCBE4D31CD}.Debug|Any CPU.ActiveCfg = Debug|Any CPU
		{18330A00-9C78-4756-893A-A8DCBE4D31CD}.Debug|Any CPU.Build.0 = Debug|Any CPU
		{18330A00-9C78-4756-893A-A8DCBE4D31CD}.Debug|x64.ActiveCfg = Debug|Any CPU
		{18330A00-9C78-4756-893A-A8DCBE4D31CD}.Debug|x64.Build.0 = Debug|Any CPU
		{18330A00-9C78-4756-893A-A8DCBE4D31CD}.Debug|x86.ActiveCfg = Debug|Any CPU
		{18330A00-9C78-4756-893A-A8DCBE4D31CD}.Debug|x86.Build.0 = Debug|Any CPU
		{18330A00-9C78-4756-893A-A8DCBE4D31CD}.Release|Any CPU.ActiveCfg = Release|Any CPU
		{18330A00-9C78-4756-893A-A8DCBE4D31CD}.Release|Any CPU.Build.0 = Release|Any CPU
		{18330A00-9C78-4756-893A-A8DCBE4D31CD}.Release|x64.ActiveCfg = Release|Any CPU
		{18330A00-9C78-4756-893A-A8DCBE4D31CD}.Release|x64.Build.0 = Release|Any CPU
		{18330A00-9C78-4756-893A-A8DCBE4D31CD}.Release|x86.ActiveCfg = Release|Any CPU
		{18330A00-9C78-4756-893A-A8DCBE4D31CD}.Release|x86.Build.0 = Release|Any CPU
		{59680C68-9B5E-486E-8696-0E7125B15F99}.Debug|Any CPU.ActiveCfg = Debug|Any CPU
		{59680C68-9B5E-486E-8696-0E7125B15F99}.Debug|Any CPU.Build.0 = Debug|Any CPU
		{59680C68-9B5E-486E-8696-0E7125B15F99}.Debug|x64.ActiveCfg = Debug|Any CPU
		{59680C68-9B5E-486E-8696-0E7125B15F99}.Debug|x64.Build.0 = Debug|Any CPU
		{59680C68-9B5E-486E-8696-0E7125B15F99}.Debug|x86.ActiveCfg = Debug|Any CPU
		{59680C68-9B5E-486E-8696-0E7125B15F99}.Debug|x86.Build.0 = Debug|Any CPU
		{59680C68-9B5E-486E-8696-0E7125B15F99}.Release|Any CPU.ActiveCfg = Release|Any CPU
		{59680C68-9B5E-486E-8696-0E7125B15F99}.Release|Any CPU.Build.0 = Release|Any CPU
		{59680C68-9B5E-486E-8696-0E7125B15F99}.Release|x64.ActiveCfg = Release|Any CPU
		{59680C68-9B5E-486E-8696-0E7125B15F99}.Release|x64.Build.0 = Release|Any CPU
		{59680C68-9B5E-486E-8696-0E7125B15F99}.Release|x86.ActiveCfg = Release|Any CPU
		{59680C68-9B5E-486E-8696-0E7125B15F99}.Release|x86.Build.0 = Release|Any CPU
		{EAFA7CF1-DF2B-4306-967D-4D3AEB3ABF2D}.Debug|Any CPU.ActiveCfg = Debug|Any CPU
		{EAFA7CF1-DF2B-4306-967D-4D3AEB3ABF2D}.Debug|Any CPU.Build.0 = Debug|Any CPU
		{EAFA7CF1-DF2B-4306-967D-4D3AEB3ABF2D}.Debug|x64.ActiveCfg = Debug|Any CPU
		{EAFA7CF1-DF2B-4306-967D-4D3AEB3ABF2D}.Debug|x64.Build.0 = Debug|Any CPU
		{EAFA7CF1-DF2B-4306-967D-4D3AEB3ABF2D}.Debug|x86.ActiveCfg = Debug|Any CPU
		{EAFA7CF1-DF2B-4306-967D-4D3AEB3ABF2D}.Debug|x86.Build.0 = Debug|Any CPU
		{EAFA7CF1-DF2B-4306-967D-4D3AEB3ABF2D}.Release|Any CPU.ActiveCfg = Release|Any CPU
		{EAFA7CF1-DF2B-4306-967D-4D3AEB3ABF2D}.Release|Any CPU.Build.0 = Release|Any CPU
		{EAFA7CF1-DF2B-4306-967D-4D3AEB3ABF2D}.Release|x64.ActiveCfg = Release|Any CPU
		{EAFA7CF1-DF2B-4306-967D-4D3AEB3ABF2D}.Release|x64.Build.0 = Release|Any CPU
		{EAFA7CF1-DF2B-4306-967D-4D3AEB3ABF2D}.Release|x86.ActiveCfg = Release|Any CPU
		{EAFA7CF1-DF2B-4306-967D-4D3AEB3ABF2D}.Release|x86.Build.0 = Release|Any CPU
		{1ED440D9-E7A2-4E70-A99E-F8CEA908291E}.Debug|Any CPU.ActiveCfg = Debug|Any CPU
		{1ED440D9-E7A2-4E70-A99E-F8CEA908291E}.Debug|Any CPU.Build.0 = Debug|Any CPU
		{1ED440D9-E7A2-4E70-A99E-F8CEA908291E}.Debug|x64.ActiveCfg = Debug|Any CPU
		{1ED440D9-E7A2-4E70-A99E-F8CEA908291E}.Debug|x64.Build.0 = Debug|Any CPU
		{1ED440D9-E7A2-4E70-A99E-F8CEA908291E}.Debug|x86.ActiveCfg = Debug|Any CPU
		{1ED440D9-E7A2-4E70-A99E-F8CEA908291E}.Debug|x86.Build.0 = Debug|Any CPU
		{1ED440D9-E7A2-4E70-A99E-F8CEA908291E}.Release|Any CPU.ActiveCfg = Release|Any CPU
		{1ED440D9-E7A2-4E70-A99E-F8CEA908291E}.Release|Any CPU.Build.0 = Release|Any CPU
		{1ED440D9-E7A2-4E70-A99E-F8CEA908291E}.Release|x64.ActiveCfg = Release|Any CPU
		{1ED440D9-E7A2-4E70-A99E-F8CEA908291E}.Release|x64.Build.0 = Release|Any CPU
		{1ED440D9-E7A2-4E70-A99E-F8CEA908291E}.Release|x86.ActiveCfg = Release|Any CPU
		{1ED440D9-E7A2-4E70-A99E-F8CEA908291E}.Release|x86.Build.0 = Release|Any CPU
		{5AC6A710-27C1-4E9C-80FD-0C163F391F33}.Debug|Any CPU.ActiveCfg = Debug|Any CPU
		{5AC6A710-27C1-4E9C-80FD-0C163F391F33}.Debug|Any CPU.Build.0 = Debug|Any CPU
		{5AC6A710-27C1-4E9C-80FD-0C163F391F33}.Debug|x64.ActiveCfg = Debug|Any CPU
		{5AC6A710-27C1-4E9C-80FD-0C163F391F33}.Debug|x64.Build.0 = Debug|Any CPU
		{5AC6A710-27C1-4E9C-80FD-0C163F391F33}.Debug|x86.ActiveCfg = Debug|Any CPU
		{5AC6A710-27C1-4E9C-80FD-0C163F391F33}.Debug|x86.Build.0 = Debug|Any CPU
		{5AC6A710-27C1-4E9C-80FD-0C163F391F33}.Release|Any CPU.ActiveCfg = Release|Any CPU
		{5AC6A710-27C1-4E9C-80FD-0C163F391F33}.Release|Any CPU.Build.0 = Release|Any CPU
		{5AC6A710-27C1-4E9C-80FD-0C163F391F33}.Release|x64.ActiveCfg = Release|Any CPU
		{5AC6A710-27C1-4E9C-80FD-0C163F391F33}.Release|x64.Build.0 = Release|Any CPU
		{5AC6A710-27C1-4E9C-80FD-0C163F391F33}.Release|x86.ActiveCfg = Release|Any CPU
		{5AC6A710-27C1-4E9C-80FD-0C163F391F33}.Release|x86.Build.0 = Release|Any CPU
		{61188CFD-E8E6-44EF-BE49-E21C3C1FF781}.Debug|Any CPU.ActiveCfg = Debug|Any CPU
		{61188CFD-E8E6-44EF-BE49-E21C3C1FF781}.Debug|Any CPU.Build.0 = Debug|Any CPU
		{61188CFD-E8E6-44EF-BE49-E21C3C1FF781}.Debug|x64.ActiveCfg = Debug|Any CPU
		{61188CFD-E8E6-44EF-BE49-E21C3C1FF781}.Debug|x64.Build.0 = Debug|Any CPU
		{61188CFD-E8E6-44EF-BE49-E21C3C1FF781}.Debug|x86.ActiveCfg = Debug|Any CPU
		{61188CFD-E8E6-44EF-BE49-E21C3C1FF781}.Debug|x86.Build.0 = Debug|Any CPU
		{61188CFD-E8E6-44EF-BE49-E21C3C1FF781}.Release|Any CPU.ActiveCfg = Release|Any CPU
		{61188CFD-E8E6-44EF-BE49-E21C3C1FF781}.Release|Any CPU.Build.0 = Release|Any CPU
		{61188CFD-E8E6-44EF-BE49-E21C3C1FF781}.Release|x64.ActiveCfg = Release|Any CPU
		{61188CFD-E8E6-44EF-BE49-E21C3C1FF781}.Release|x64.Build.0 = Release|Any CPU
		{61188CFD-E8E6-44EF-BE49-E21C3C1FF781}.Release|x86.ActiveCfg = Release|Any CPU
		{61188CFD-E8E6-44EF-BE49-E21C3C1FF781}.Release|x86.Build.0 = Release|Any CPU
		{C871DF7E-6F91-4D50-A230-58DBEDE0894D}.Debug|Any CPU.ActiveCfg = Debug|Any CPU
		{C871DF7E-6F91-4D50-A230-58DBEDE0894D}.Debug|Any CPU.Build.0 = Debug|Any CPU
		{C871DF7E-6F91-4D50-A230-58DBEDE0894D}.Debug|x64.ActiveCfg = Debug|Any CPU
		{C871DF7E-6F91-4D50-A230-58DBEDE0894D}.Debug|x64.Build.0 = Debug|Any CPU
		{C871DF7E-6F91-4D50-A230-58DBEDE0894D}.Debug|x86.ActiveCfg = Debug|Any CPU
		{C871DF7E-6F91-4D50-A230-58DBEDE0894D}.Debug|x86.Build.0 = Debug|Any CPU
		{C871DF7E-6F91-4D50-A230-58DBEDE0894D}.Release|Any CPU.ActiveCfg = Release|Any CPU
		{C871DF7E-6F91-4D50-A230-58DBEDE0894D}.Release|Any CPU.Build.0 = Release|Any CPU
		{C871DF7E-6F91-4D50-A230-58DBEDE0894D}.Release|x64.ActiveCfg = Release|Any CPU
		{C871DF7E-6F91-4D50-A230-58DBEDE0894D}.Release|x64.Build.0 = Release|Any CPU
		{C871DF7E-6F91-4D50-A230-58DBEDE0894D}.Release|x86.ActiveCfg = Release|Any CPU
		{C871DF7E-6F91-4D50-A230-58DBEDE0894D}.Release|x86.Build.0 = Release|Any CPU
		{A013A3E7-DA99-48B4-B890-93AA800164D0}.Debug|Any CPU.ActiveCfg = Debug|Any CPU
		{A013A3E7-DA99-48B4-B890-93AA800164D0}.Debug|Any CPU.Build.0 = Debug|Any CPU
		{A013A3E7-DA99-48B4-B890-93AA800164D0}.Debug|x64.ActiveCfg = Debug|Any CPU
		{A013A3E7-DA99-48B4-B890-93AA800164D0}.Debug|x64.Build.0 = Debug|Any CPU
		{A013A3E7-DA99-48B4-B890-93AA800164D0}.Debug|x86.ActiveCfg = Debug|Any CPU
		{A013A3E7-DA99-48B4-B890-93AA800164D0}.Debug|x86.Build.0 = Debug|Any CPU
		{A013A3E7-DA99-48B4-B890-93AA800164D0}.Release|Any CPU.ActiveCfg = Release|Any CPU
		{A013A3E7-DA99-48B4-B890-93AA800164D0}.Release|Any CPU.Build.0 = Release|Any CPU
		{A013A3E7-DA99-48B4-B890-93AA800164D0}.Release|x64.ActiveCfg = Release|Any CPU
		{A013A3E7-DA99-48B4-B890-93AA800164D0}.Release|x64.Build.0 = Release|Any CPU
		{A013A3E7-DA99-48B4-B890-93AA800164D0}.Release|x86.ActiveCfg = Release|Any CPU
		{A013A3E7-DA99-48B4-B890-93AA800164D0}.Release|x86.Build.0 = Release|Any CPU
	EndGlobalSection
	GlobalSection(SolutionProperties) = preSolution
		HideSolutionNode = FALSE
	EndGlobalSection
	GlobalSection(NestedProjects) = preSolution
		{EA735101-9DB6-4798-90F3-40EE139E3C07} = {1787FE1D-075E-9E68-7218-25F1BD1BBEAB}
		{370B0466-AD79-4D61-9FCA-D6FD35ED1522} = {809F86A1-1C4C-B159-0CD4-DF9D33D876CE}
		{E09D25A7-079A-4FEE-9CF5-232E110C805F} = {809F86A1-1C4C-B159-0CD4-DF9D33D876CE}
		{6F15F9CD-9244-4902-94C2-E4490B3E75A7} = {809F86A1-1C4C-B159-0CD4-DF9D33D876CE}
		{18330A00-9C78-4756-893A-A8DCBE4D31CD} = {809F86A1-1C4C-B159-0CD4-DF9D33D876CE}
		{59680C68-9B5E-486E-8696-0E7125B15F99} = {809F86A1-1C4C-B159-0CD4-DF9D33D876CE}
		{EAFA7CF1-DF2B-4306-967D-4D3AEB3ABF2D} = {0AB3BF05-4346-4AA6-1389-037BE0695223}
		{1ED440D9-E7A2-4E70-A99E-F8CEA908291E} = {0AB3BF05-4346-4AA6-1389-037BE0695223}
		{5AC6A710-27C1-4E9C-80FD-0C163F391F33} = {0AB3BF05-4346-4AA6-1389-037BE0695223}
		{61188CFD-E8E6-44EF-BE49-E21C3C1FF781} = {0AB3BF05-4346-4AA6-1389-037BE0695223}
		{C871DF7E-6F91-4D50-A230-58DBEDE0894D} = {0AB3BF05-4346-4AA6-1389-037BE0695223}
		{A013A3E7-DA99-48B4-B890-93AA800164D0} = {0AB3BF05-4346-4AA6-1389-037BE0695223}
	EndGlobalSection
EndGlobal
