
Microsoft Visual Studio Solution File, Format Version 12.00
# Visual Studio Version 17
VisualStudioVersion = 17.0.31903.59
MinimumVisualStudioVersion = 10.0.40219.1
Project("{2150E333-8FDC-42A3-9474-1A3956D46DE8}") = "apps", "apps", "{1787FE1D-075E-9E68-7218-25F1BD1BBEAB}"
EndProject
Project("{FAE04EC0-301F-11D3-BF4B-00C04F79EFBC}") = "recrd-cli", "apps\recrd-cli\recrd-cli.csproj", "{DCC122A5-A00C-4C55-BAF3-6F09CA7142CB}"
EndProject
Project("{FAE04EC0-301F-11D3-BF4B-00C04F79EFBC}") = "Recrd.Core", "packages\Recrd.Core\Recrd.Core.csproj", "{E7B0BF08-6918-481D-BE51-C240771699E5}"
EndProject
Project("{FAE04EC0-301F-11D3-BF4B-00C04F79EFBC}") = "Recrd.Recording", "packages\Recrd.Recording\Recrd.Recording.csproj", "{46EA348B-245D-49CC-BEF9-D2618779C8DF}"
EndProject
Project("{FAE04EC0-301F-11D3-BF4B-00C04F79EFBC}") = "Recrd.Data", "packages\Recrd.Data\Recrd.Data.csproj", "{97E8E470-7E2C-469E-B878-C60D99022E36}"
EndProject
Project("{FAE04EC0-301F-11D3-BF4B-00C04F79EFBC}") = "Recrd.Gherkin", "packages\Recrd.Gherkin\Recrd.Gherkin.csproj", "{ADC14382-50D9-4377-8979-88923E7BA55B}"
EndProject
Project("{FAE04EC0-301F-11D3-BF4B-00C04F79EFBC}") = "Recrd.Compilers", "packages\Recrd.Compilers\Recrd.Compilers.csproj", "{76B670ED-D5BB-49A5-ACA1-CE7B284F8806}"
EndProject
Global
	GlobalSection(SolutionConfigurationPlatforms) = preSolution
		Debug|Any CPU = Debug|Any CPU
		Debug|x64 = Debug|x64
		Debug|x86 = Debug|x86
		Release|Any CPU = Release|Any CPU
		Release|x64 = Release|x64
		Release|x86 = Release|x86
	EndGlobalSection
	GlobalSection(ProjectConfigurationPlatforms) = postSolution
		{DCC122A5-A00C-4C55-BAF3-6F09CA7142CB}.Debug|Any CPU.ActiveCfg = Debug|Any CPU
		{DCC122A5-A00C-4C55-BAF3-6F09CA7142CB}.Debug|Any CPU.Build.0 = Debug|Any CPU
		{DCC122A5-A00C-4C55-BAF3-6F09CA7142CB}.Debug|x64.ActiveCfg = Debug|Any CPU
		{DCC122A5-A00C-4C55-BAF3-6F09CA7142CB}.Debug|x64.Build.0 = Debug|Any CPU
		{DCC122A5-A00C-4C55-BAF3-6F09CA7142CB}.Debug|x86.ActiveCfg = Debug|Any CPU
		{DCC122A5-A00C-4C55-BAF3-6F09CA7142CB}.Debug|x86.Build.0 = Debug|Any CPU
		{DCC122A5-A00C-4C55-BAF3-6F09CA7142CB}.Release|Any CPU.ActiveCfg = Release|Any CPU
		{DCC122A5-A00C-4C55-BAF3-6F09CA7142CB}.Release|Any CPU.Build.0 = Release|Any CPU
		{DCC122A5-A00C-4C55-BAF3-6F09CA7142CB}.Release|x64.ActiveCfg = Release|Any CPU
		{DCC122A5-A00C-4C55-BAF3-6F09CA7142CB}.Release|x64.Build.0 = Release|Any CPU
		{DCC122A5-A00C-4C55-BAF3-6F09CA7142CB}.Release|x86.ActiveCfg = Release|Any CPU
		{DCC122A5-A00C-4C55-BAF3-6F09CA7142CB}.Release|x86.Build.0 = Release|Any CPU
		{E7B0BF08-6918-481D-BE51-C240771699E5}.Debug|Any CPU.ActiveCfg = Debug|Any CPU
		{E7B0BF08-6918-481D-BE51-C240771699E5}.Debug|Any CPU.Build.0 = Debug|Any CPU
		{E7B0BF08-6918-481D-BE51-C240771699E5}.Debug|x64.ActiveCfg = Debug|Any CPU
		{E7B0BF08-6918-481D-BE51-C240771699E5}.Debug|x64.Build.0 = Debug|Any CPU
		{E7B0BF08-6918-481D-BE51-C240771699E5}.Debug|x86.ActiveCfg = Debug|Any CPU
		{E7B0BF08-6918-481D-BE51-C240771699E5}.Debug|x86.Build.0 = Debug|Any CPU
		{E7B0BF08-6918-481D-BE51-C240771699E5}.Release|Any CPU.ActiveCfg = Release|Any CPU
		{E7B0BF08-6918-481D-BE51-C240771699E5}.Release|Any CPU.Build.0 = Release|Any CPU
		{E7B0BF08-6918-481D-BE51-C240771699E5}.Release|x64.ActiveCfg = Release|Any CPU
		{E7B0BF08-6918-481D-BE51-C240771699E5}.Release|x64.Build.0 = Release|Any CPU
		{E7B0BF08-6918-481D-BE51-C240771699E5}.Release|x86.ActiveCfg = Release|Any CPU
		{E7B0BF08-6918-481D-BE51-C240771699E5}.Release|x86.Build.0 = Release|Any CPU
		{46EA348B-245D-49CC-BEF9-D2618779C8DF}.Debug|Any CPU.ActiveCfg = Debug|Any CPU
		{46EA348B-245D-49CC-BEF9-D2618779C8DF}.Debug|Any CPU.Build.0 = Debug|Any CPU
		{46EA348B-245D-49CC-BEF9-D2618779C8DF}.Debug|x64.ActiveCfg = Debug|Any CPU
		{46EA348B-245D-49CC-BEF9-D2618779C8DF}.Debug|x64.Build.0 = Debug|Any CPU
		{46EA348B-245D-49CC-BEF9-D2618779C8DF}.Debug|x86.ActiveCfg = Debug|Any CPU
		{46EA348B-245D-49CC-BEF9-D2618779C8DF}.Debug|x86.Build.0 = Debug|Any CPU
		{46EA348B-245D-49CC-BEF9-D2618779C8DF}.Release|Any CPU.ActiveCfg = Release|Any CPU
		{46EA348B-245D-49CC-BEF9-D2618779C8DF}.Release|Any CPU.Build.0 = Release|Any CPU
		{46EA348B-245D-49CC-BEF9-D2618779C8DF}.Release|x64.ActiveCfg = Release|Any CPU
		{46EA348B-245D-49CC-BEF9-D2618779C8DF}.Release|x64.Build.0 = Release|Any CPU
		{46EA348B-245D-49CC-BEF9-D2618779C8DF}.Release|x86.ActiveCfg = Release|Any CPU
		{46EA348B-245D-49CC-BEF9-D2618779C8DF}.Release|x86.Build.0 = Release|Any CPU
		{97E8E470-7E2C-469E-B878-C60D99022E36}.Debug|Any CPU.ActiveCfg = Debug|Any CPU
		{97E8E470-7E2C-469E-B878-C60D99022E36}.Debug|Any CPU.Build.0 = Debug|Any CPU
		{97E8E470-7E2C-469E-B878-C60D99022E36}.Debug|x64.ActiveCfg = Debug|Any CPU
		{97E8E470-7E2C-469E-B878-C60D99022E36}.Debug|x64.Build.0 = Debug|Any CPU
		{97E8E470-7E2C-469E-B878-C60D99022E36}.Debug|x86.ActiveCfg = Debug|Any CPU
		{97E8E470-7E2C-469E-B878-C60D99022E36}.Debug|x86.Build.0 = Debug|Any CPU
		{97E8E470-7E2C-469E-B878-C60D99022E36}.Release|Any CPU.ActiveCfg = Release|Any CPU
		{97E8E470-7E2C-469E-B878-C60D99022E36}.Release|Any CPU.Build.0 = Release|Any CPU
		{97E8E470-7E2C-469E-B878-C60D99022E36}.Release|x64.ActiveCfg = Release|Any CPU
		{97E8E470-7E2C-469E-B878-C60D99022E36}.Release|x64.Build.0 = Release|Any CPU
		{97E8E470-7E2C-469E-B878-C60D99022E36}.Release|x86.ActiveCfg = Release|Any CPU
		{97E8E470-7E2C-469E-B878-C60D99022E36}.Release|x86.Build.0 = Release|Any CPU
		{ADC14382-50D9-4377-8979-88923E7BA55B}.Debug|Any CPU.ActiveCfg = Debug|Any CPU
		{ADC14382-50D9-4377-8979-88923E7BA55B}.Debug|Any CPU.Build.0 = Debug|Any CPU
		{ADC14382-50D9-4377-8979-88923E7BA55B}.Debug|x64.ActiveCfg = Debug|Any CPU
		{ADC14382-50D9-4377-8979-88923E7BA55B}.Debug|x64.Build.0 = Debug|Any CPU
		{ADC14382-50D9-4377-8979-88923E7BA55B}.Debug|x86.ActiveCfg = Debug|Any CPU
		{ADC14382-50D9-4377-8979-88923E7BA55B}.Debug|x86.Build.0 = Debug|Any CPU
		{ADC14382-50D9-4377-8979-88923E7BA55B}.Release|Any CPU.ActiveCfg = Release|Any CPU
		{ADC14382-50D9-4377-8979-88923E7BA55B}.Release|Any CPU.Build.0 = Release|Any CPU
		{ADC14382-50D9-4377-8979-88923E7BA55B}.Release|x64.ActiveCfg = Release|Any CPU
		{ADC14382-50D9-4377-8979-88923E7BA55B}.Release|x64.Build.0 = Release|Any CPU
		{ADC14382-50D9-4377-8979-88923E7BA55B}.Release|x86.ActiveCfg = Release|Any CPU
		{ADC14382-50D9-4377-8979-88923E7BA55B}.Release|x86.Build.0 = Release|Any CPU
		{76B670ED-D5BB-49A5-ACA1-CE7B284F8806}.Debug|Any CPU.ActiveCfg = Debug|Any CPU
		{76B670ED-D5BB-49A5-ACA1-CE7B284F8806}.Debug|Any CPU.Build.0 = Debug|Any CPU
		{76B670ED-D5BB-49A5-ACA1-CE7B284F8806}.Debug|x64.ActiveCfg = Debug|Any CPU
		{76B670ED-D5BB-49A5-ACA1-CE7B284F8806}.Debug|x64.Build.0 = Debug|Any CPU
		{76B670ED-D5BB-49A5-ACA1-CE7B284F8806}.Debug|x86.ActiveCfg = Debug|Any CPU
		{76B670ED-D5BB-49A5-ACA1-CE7B284F8806}.Debug|x86.Build.0 = Debug|Any CPU
		{76B670ED-D5BB-49A5-ACA1-CE7B284F8806}.Release|Any CPU.ActiveCfg = Release|Any CPU
		{76B670ED-D5BB-49A5-ACA1-CE7B284F8806}.Release|Any CPU.Build.0 = Release|Any CPU
		{76B670ED-D5BB-49A5-ACA1-CE7B284F8806}.Release|x64.ActiveCfg = Release|Any CPU
		{76B670ED-D5BB-49A5-ACA1-CE7B284F8806}.Release|x64.Build.0 = Release|Any CPU
		{76B670ED-D5BB-49A5-ACA1-CE7B284F8806}.Release|x86.ActiveCfg = Release|Any CPU
		{76B670ED-D5BB-49A5-ACA1-CE7B284F8806}.Release|x86.Build.0 = Release|Any CPU
	EndGlobalSection
	GlobalSection(SolutionProperties) = preSolution
		HideSolutionNode = FALSE
	EndGlobalSection
	GlobalSection(NestedProjects) = preSolution
		{DCC122A5-A00C-4C55-BAF3-6F09CA7142CB} = {1787FE1D-075E-9E68-7218-25F1BD1BBEAB}
		{E7B0BF08-6918-481D-BE51-C240771699E5} = {1787FE1D-075E-9E68-7218-25F1BD1BBEAB}
		{46EA348B-245D-49CC-BEF9-D2618779C8DF} = {1787FE1D-075E-9E68-7218-25F1BD1BBEAB}
		{97E8E470-7E2C-469E-B878-C60D99022E36} = {1787FE1D-075E-9E68-7218-25F1BD1BBEAB}
		{ADC14382-50D9-4377-8979-88923E7BA55B} = {1787FE1D-075E-9E68-7218-25F1BD1BBEAB}
		{76B670ED-D5BB-49A5-ACA1-CE7B284F8806} = {1787FE1D-075E-9E68-7218-25F1BD1BBEAB}
	EndGlobalSection
EndGlobal
